# THIS IS AN AUTOGENERATED FILE. DO NOT EDIT THIS FILE DIRECTLY.
# yarn lockfile v1


"@types/node@^14.14.37":
  version "14.14.37"
  resolved "https://registry.yarnpkg.com/@types/node/-/node-14.14.37.tgz#a3dd8da4eb84a996c36e331df98d82abd76b516e"
  integrity sha512-XYmBiy+ohOR4Lh5jE379fV2IU+6Jn4g5qASinhitfyO71b/sCo6MKsMLF5tc7Zf2CE8hViVQyYSobJNke8OvUw==

ar-gql@^0.0.6:
  version "0.0.6"
  resolved "https://registry.yarnpkg.com/ar-gql/-/ar-gql-0.0.6.tgz#ebb313195c092f27a997440a2835060feaf8df81"
  integrity sha512-eXKsXGQcx8uwxwlFJzBXA17Qsg+Gty6tcp85IB5SX1iop7NsXLQ/iH2WEz69NCz2/Zcb81C1QryIiNTgw0/4aA==
  dependencies:
    axios "^0.21.1"

arconnect@^0.2.8:
  version "0.2.9"
  resolved "https://registry.yarnpkg.com/arconnect/-/arconnect-0.2.9.tgz#be07d2281f20d864a91cdcb44e3eed7fccb97f12"
  integrity sha512-Us49eN/+8l6BrkAPdXnJVPwWlxxUPR7QaBjA0j3OBAcioIFRpwTdoPN9FxtwDGN91lgM6ebOudTXJToRiNizoA==
  dependencies:
    arweave "^1.10.13"

arweave@^1.10.13:
  version "1.10.13"
  resolved "https://registry.yarnpkg.com/arweave/-/arweave-1.10.13.tgz#88205154524b30a22b18f011f7241b2ddc22413c"
  integrity sha512-FfM9CAF5msAk/12d87KDKu+00/ZriEf/S3ei2FTPMKCOdOb++SwLx7F3kAKO74obAgIGzL8X4Y0D/aV8oNNJDA==
  dependencies:
    asn1.js "^5.4.1"
    axios "^0.21.1"
    base64-js "^1.3.1"
    bignumber.js "^9.0.1"

arweave@^1.10.18:
  version "1.10.18"
  resolved "https://registry.yarnpkg.com/arweave/-/arweave-1.10.18.tgz#3042edd1afa52b7c3caeacf88271758232c7b866"
  integrity sha512-i3pKBkLtU1Jl9RtJ9A6zgz8QqF5FZy7YA+qGQ9i2Zug171p29FTDZhN+KlRcVBg8sEgd1DKyecCCYJZ3K6Jdfg==
  dependencies:
    arconnect "^0.2.8"
    asn1.js "^5.4.1"
    axios "^0.22.0"
    base64-js "^1.3.1"
    bignumber.js "^9.0.1"

asn1.js@^5.4.1:
  version "5.4.1"
  resolved "https://registry.yarnpkg.com/asn1.js/-/asn1.js-5.4.1.tgz#11a980b84ebb91781ce35b0fdc2ee294e3783f07"
  integrity sha512-+I//4cYPccV8LdmBLiX8CYvf9Sp3vQsrqu2QNXRcrbiWvcx/UdlFiqUJJzxRQxgsZmvhXhn4cSKeSmoFjVdupA==
  dependencies:
    bn.js "^4.0.0"
    inherits "^2.0.1"
    minimalistic-assert "^1.0.0"
    safer-buffer "^2.1.0"

axios@^0.21.1:
  version "0.21.1"
  resolved "https://registry.yarnpkg.com/axios/-/axios-0.21.1.tgz#22563481962f4d6bde9a76d516ef0e5d3c09b2b8"
  integrity sha512-dKQiRHxGD9PPRIUNIWvZhPTPpl1rf/OxTYKsqKUDjBwYylTvV7SjSHJb9ratfyzM6wCdLCOYLzs73qpg5c4iGA==
  dependencies:
    follow-redirects "^1.10.0"

axios@^0.22.0:
  version "0.22.0"
  resolved "https://registry.yarnpkg.com/axios/-/axios-0.22.0.tgz#bf702c41fb50fbca4539589d839a077117b79b25"
  integrity sha512-Z0U3uhqQeg1oNcihswf4ZD57O3NrR1+ZXhxaROaWpDmsDTx7T2HNBV2ulBtie2hwJptu8UvgnJoK+BIqdzh/1w==
  dependencies:
    follow-redirects "^1.14.4"

axios@^0.23.0:
  version "0.23.0"
  resolved "https://registry.yarnpkg.com/axios/-/axios-0.23.0.tgz#b0fa5d0948a8d1d75e3d5635238b6c4625b05149"
  integrity sha512-NmvAE4i0YAv5cKq8zlDoPd1VLKAqX5oLuZKs8xkJa4qi6RGn0uhCYFjWtHHC9EM/MwOwYWOs53W+V0aqEXq1sg==
  dependencies:
    follow-redirects "^1.14.4"

axios@^0.24.0:
  version "0.24.0"
  resolved "https://registry.yarnpkg.com/axios/-/axios-0.24.0.tgz#804e6fa1e4b9c5288501dd9dff56a7a0940d20d6"
  integrity sha512-Q6cWsys88HoPgAaFAVUb0WpPk0O8iTeisR9IMqy9G8AbO4NlpVknrnQS03zzF9PGAWgO3cgletO3VjV/P7VztA==
  dependencies:
    follow-redirects "^1.14.4"

base64-js@^1.3.1:
  version "1.5.1"
  resolved "https://registry.yarnpkg.com/base64-js/-/base64-js-1.5.1.tgz#1b1b440160a5bf7ad40b650f095963481903930a"
  integrity sha512-AKpaYlHn8t4SVbOHCy+b5+KKgvR4vrsD8vbvrbiQJps7fKDTkjkDry6ji0rUJjC0kzbNePLwzxq8iypo41qeWA==

bignumber.js@^9.0.1:
  version "9.0.1"
  resolved "https://registry.yarnpkg.com/bignumber.js/-/bignumber.js-9.0.1.tgz#8d7ba124c882bfd8e43260c67475518d0689e4e5"
  integrity sha512-IdZR9mh6ahOBv/hYGiXyVuyCetmGJhtYkqLBpTStdhEGjegpPlUawydyaF3pbIOFynJTpllEs+NP+CS9jKFLjA==

bn.js@^4.0.0:
  version "4.12.0"
  resolved "https://registry.yarnpkg.com/bn.js/-/bn.js-4.12.0.tgz#775b3f278efbb9718eec7361f483fb36fbbfea88"
  integrity sha512-c98Bf3tPniI+scsdk237ku1Dc3ujXQTSgyiPUDEOe7tRkhrqridvh8klBv0HCEso1OLOYcHuCv/cS6DNxKH+ZA==

ci-info@^1.5.0:
  version "1.6.0"
  resolved "https://registry.yarnpkg.com/ci-info/-/ci-info-1.6.0.tgz#2ca20dbb9ceb32d4524a683303313f0304b1e497"
  integrity sha512-vsGdkwSCDpWmP80ncATX7iea5DWQemg1UgCW5J8tqjU3lYw4FBYuj89J0CTVomA7BEfvSZd84GmHko+MxFQU2A==

cross-spawn@^5.0.1:
  version "5.1.0"
  resolved "https://registry.yarnpkg.com/cross-spawn/-/cross-spawn-5.1.0.tgz#e8bd0efee58fcff6f8f94510a0a554bbfa235449"
  integrity sha1-6L0O/uWPz/b4+UUQoKVUu/ojVEk=
  dependencies:
    lru-cache "^4.0.1"
    shebang-command "^1.2.0"
    which "^1.2.9"

execa@^0.8.0:
  version "0.8.0"
  resolved "https://registry.yarnpkg.com/execa/-/execa-0.8.0.tgz#d8d76bbc1b55217ed190fd6dd49d3c774ecfc8da"
  integrity sha1-2NdrvBtVIX7RkP1t1J08d07PyNo=
  dependencies:
    cross-spawn "^5.0.1"
    get-stream "^3.0.0"
    is-stream "^1.1.0"
    npm-run-path "^2.0.0"
    p-finally "^1.0.0"
    signal-exit "^3.0.0"
    strip-eof "^1.0.0"

follow-redirects@^1.10.0:
  version "1.13.3"
  resolved "https://registry.yarnpkg.com/follow-redirects/-/follow-redirects-1.13.3.tgz#e5598ad50174c1bc4e872301e82ac2cd97f90267"
  integrity sha512-DUgl6+HDzB0iEptNQEXLx/KhTmDb8tZUHSeLqpnjpknR70H0nC2t9N73BK6fN4hOvJ84pKlIQVQ4k5FFlBedKA==

follow-redirects@^1.14.4:
  version "1.14.4"
  resolved "https://registry.yarnpkg.com/follow-redirects/-/follow-redirects-1.14.4.tgz#838fdf48a8bbdd79e52ee51fb1c94e3ed98b9379"
  integrity sha512-zwGkiSXC1MUJG/qmeIFH2HBJx9u0V46QGUe3YR1fXG8bXQxq7fLj0RjLZQ5nubr9qNJUZrH+xUcwXEoXNpfS+g==

get-stream@^3.0.0:
  version "3.0.0"
  resolved "https://registry.yarnpkg.com/get-stream/-/get-stream-3.0.0.tgz#8e943d1358dc37555054ecbe2edb05aa174ede14"
  integrity sha1-jpQ9E1jcN1VQVOy+LtsFqhdO3hQ=

inherits@^2.0.1:
  version "2.0.4"
  resolved "https://registry.yarnpkg.com/inherits/-/inherits-2.0.4.tgz#0fa2c64f932917c3433a0ded55363aae37416b7c"
  integrity sha512-k/vGaX4/Yla3WzyMCvTQOXYeIHvqOKtnqBduzTHpzpQZzAskKMhZ2K+EnBiSM9zGSoIFeMpXKxa4dYeZIQqewQ==

is-ci@^1.0.10:
  version "1.2.1"
  resolved "https://registry.yarnpkg.com/is-ci/-/is-ci-1.2.1.tgz#e3779c8ee17fccf428488f6e281187f2e632841c"
  integrity sha512-s6tfsaQaQi3JNciBH6shVqEDvhGut0SUXr31ag8Pd8BBbVVlcGfWhpPmEOoM6RJ5TFhbypvf5yyRw/VXW1IiWg==
  dependencies:
    ci-info "^1.5.0"

is-stream@^1.1.0:
  version "1.1.0"
  resolved "https://registry.yarnpkg.com/is-stream/-/is-stream-1.1.0.tgz#12d4a3dd4e68e0b79ceb8dbc84173ae80d91ca44"
  integrity sha1-EtSj3U5o4Lec6428hBc66A2RykQ=

isexe@^2.0.0:
  version "2.0.0"
  resolved "https://registry.yarnpkg.com/isexe/-/isexe-2.0.0.tgz#e8fbf374dc556ff8947a10dcb0572d633f2cfa10"
  integrity sha1-6PvzdNxVb/iUehDcsFctYz8s+hA=

lru-cache@^4.0.1:
  version "4.1.5"
  resolved "https://registry.yarnpkg.com/lru-cache/-/lru-cache-4.1.5.tgz#8bbe50ea85bed59bc9e33dcab8235ee9bcf443cd"
  integrity sha512-sWZlbEP2OsHNkXrMl5GYk/jKk70MBng6UU4YI/qGDYbgf6YbP4EvmqISbXCoJiRKs+1bSpFHVgQxvJ17F2li5g==
  dependencies:
    pseudomap "^1.0.2"
    yallist "^2.1.2"

minimalistic-assert@^1.0.0:
  version "1.0.1"
  resolved "https://registry.yarnpkg.com/minimalistic-assert/-/minimalistic-assert-1.0.1.tgz#2e194de044626d4a10e7f7fbc00ce73e83e4d5c7"
  integrity sha512-UtJcAD4yEaGtjPezWuO9wC4nwUnVH/8/Im3yEHQP4b67cXlD/Qr9hdITCU1xDbSEXg2XKNaP8jsReV7vQd00/A==

normalize-path@^1.0.0:
  version "1.0.0"
  resolved "https://registry.yarnpkg.com/normalize-path/-/normalize-path-1.0.0.tgz#32d0e472f91ff345701c15a8311018d3b0a90379"
  integrity sha1-MtDkcvkf80VwHBWoMRAY07CpA3k=

npm-run-path@^2.0.0:
  version "2.0.2"
  resolved "https://registry.yarnpkg.com/npm-run-path/-/npm-run-path-2.0.2.tgz#35a9232dfa35d7067b4cb2ddf2357b1871536c5f"
  integrity sha1-NakjLfo11wZ7TLLd8jV7GHFTbF8=
  dependencies:
    path-key "^2.0.0"

p-finally@^1.0.0:
  version "1.0.0"
  resolved "https://registry.yarnpkg.com/p-finally/-/p-finally-1.0.0.tgz#3fbcfb15b899a44123b34b6dcc18b724336a2cae"
  integrity sha1-P7z7FbiZpEEjs0ttzBi3JDNqLK4=

path-key@^2.0.0:
  version "2.0.1"
  resolved "https://registry.yarnpkg.com/path-key/-/path-key-2.0.1.tgz#411cadb574c5a140d3a4b1910d40d80cc9f40b40"
  integrity sha1-QRyttXTFoUDTpLGRDUDYDMn0C0A=

prettier@^2.2.1:
  version "2.2.1"
  resolved "https://registry.yarnpkg.com/prettier/-/prettier-2.2.1.tgz#795a1a78dd52f073da0cd42b21f9c91381923ff5"
  integrity sha512-PqyhM2yCjg/oKkFPtTGUojv7gnZAoG80ttl45O6x2Ug/rMJw4wcc9k6aaf2hibP7BGVCCM33gZoGjyvt9mm16Q==

pseudomap@^1.0.2:
  version "1.0.2"
  resolved "https://registry.yarnpkg.com/pseudomap/-/pseudomap-1.0.2.tgz#f052a28da70e618917ef0a8ac34c1ae5a68286b3"
  integrity sha1-8FKijacOYYkX7wqKw0wa5aaChrM=

safer-buffer@^2.1.0:
  version "2.1.2"
  resolved "https://registry.yarnpkg.com/safer-buffer/-/safer-buffer-2.1.2.tgz#44fa161b0187b9549dd84bb91802f9bd8385cd6a"
  integrity sha512-YZo3K82SD7Riyi0E1EQPojLz7kpepnSQI9IyPbHHg1XXXevb5dJI7tpyN2ADxGcQbHG7vcyRHk0cbwqcQriUtg==

shebang-command@^1.2.0:
  version "1.2.0"
  resolved "https://registry.yarnpkg.com/shebang-command/-/shebang-command-1.2.0.tgz#44aac65b695b03398968c39f363fee5deafdf1ea"
  integrity sha1-RKrGW2lbAzmJaMOfNj/uXer98eo=
  dependencies:
    shebang-regex "^1.0.0"

shebang-regex@^1.0.0:
  version "1.0.0"
  resolved "https://registry.yarnpkg.com/shebang-regex/-/shebang-regex-1.0.0.tgz#da42f49740c0b42db2ca9728571cb190c98efea3"
  integrity sha1-2kL0l0DAtC2yypcoVxyxkMmO/qM=

signal-exit@^3.0.0:
  version "3.0.6"
  resolved "https://registry.yarnpkg.com/signal-exit/-/signal-exit-3.0.6.tgz#24e630c4b0f03fea446a2bd299e62b4a6ca8d0af"
  integrity sha512-sDl4qMFpijcGw22U5w63KmD3cZJfBuFlVNbVMKje2keoKML7X2UzWbc4XrmEbDwg0NXJc3yv4/ox7b+JWb57kQ==

strip-eof@^1.0.0:
  version "1.0.0"
  resolved "https://registry.yarnpkg.com/strip-eof/-/strip-eof-1.0.0.tgz#bb43ff5598a6eb05d89b59fcd129c983313606bf"
  integrity sha1-u0P/VZim6wXYm1n80SnJgzE2Br8=

strip-indent@^2.0.0:
  version "2.0.0"
  resolved "https://registry.yarnpkg.com/strip-indent/-/strip-indent-2.0.0.tgz#5ef8db295d01e6ed6cbf7aab96998d7822527b68"
  integrity sha1-XvjbKV0B5u1sv3qrlpmNeCJSe2g=

typescript@^4.2.3:
  version "4.2.4"
  resolved "https://registry.yarnpkg.com/typescript/-/typescript-4.2.4.tgz#8610b59747de028fda898a8aef0e103f156d0961"
  integrity sha512-V+evlYHZnQkaz8TRBuxTA92yZBPotr5H+WhQ7bD3hZUndx5tGOa1fuCgeSjxAzM1RiN5IzvadIXTVefuuwZCRg==

verto-cache-interface@^1.0.7:
  version "1.0.7"
  resolved "https://registry.yarnpkg.com/verto-cache-interface/-/verto-cache-interface-1.0.7.tgz#91725f6acd2666261c9bab60b30ec65959b5ff69"
  integrity sha512-rlUwnWzqLPXsSeXiM9Dm95La0SqDDiTUs80Skd5dJXmB1xXlazVJAgBPzwNOrZPJKusQBypP+T1AGEaNwSj0wg==
  dependencies:
    axios "^0.23.0"

which@^1.2.9:
  version "1.3.1"
  resolved "https://registry.yarnpkg.com/which/-/which-1.3.1.tgz#a45043d54f5805316da8d62f9f50918d3da70b0a"
  integrity sha512-HxJdYWq1MTIQbJ3nw0cqssHoTNU267KlrDuGZ1WYlxDStUtKUhOaJmh112/TZmHxxUfuJqPXSOm7tDyas0OSIQ==
  dependencies:
    isexe "^2.0.0"

yallist@^2.1.2:
  version "2.1.2"
  resolved "https://registry.yarnpkg.com/yallist/-/yallist-2.1.2.tgz#1c11f9218f076089a47dd512f93c6699a6a81d52"
  integrity sha1-HBH5IY8HYImkfdUS+TxmmaaoHVI=

yorkie@^2.0.0:
  version "2.0.0"
  resolved "https://registry.yarnpkg.com/yorkie/-/yorkie-2.0.0.tgz#92411912d435214e12c51c2ae1093e54b6bb83d9"
  integrity sha512-jcKpkthap6x63MB4TxwCyuIGkV0oYP/YRyuQU5UO0Yz/E/ZAu+653/uov+phdmO54n6BcvFRyyt0RRrWdN2mpw==
  dependencies:
    execa "^0.8.0"
    is-ci "^1.0.10"
    normalize-path "^1.0.0"
    strip-indent "^2.0.0"
